
Microsoft Visual Studio Solution File, Format Version 12.00
# Visual Studio Version 16
VisualStudioVersion = 16.0.30011.22
MinimumVisualStudioVersion = 10.0.40219.1
Project("{FAE04EC0-301F-11D3-BF4B-00C04F79EFBC}") = "SlotMachineGame", "SlotMachineGame\SlotMachineGame.csproj", "{3EE9D3FC-214A-4B74-988A-70A99DEB6A6E}"
EndProject
Global
	GlobalSection(SolutionConfigurationPlatforms) = preSolution
		Debug|Any CPU = Debug|Any CPU
		Release|Any CPU = Release|Any CPU
	EndGlobalSection
	GlobalSection(ProjectConfigurationPlatforms) = postSolution
		{3EE9D3FC-214A-4B74-988A-70A99DEB6A6E}.Debug|Any CPU.ActiveCfg = Debug|Any CPU
		{3EE9D3FC-214A-4B74-988A-70A99DEB6A6E}.Debug|Any CPU.Build.0 = Debug|Any CPU
		{3EE9D3FC-214A-4B74-988A-70A99DEB6A6E}.Release|Any CPU.ActiveCfg = Release|Any CPU
		{3EE9D3FC-214A-4B74-988A-70A99DEB6A6E}.Release|Any CPU.Build.0 = Release|Any CPU
	EndGlobalSection
	GlobalSection(SolutionProperties) = preSolution
		HideSolutionNode = FALSE
	EndGlobalSection
	GlobalSection(ExtensibilityGlobals) = postSolution
		SolutionGuid = {83F14FC8-D392-422C-9E04-09A53F9003F4}
	EndGlobalSection
EndGlobal
